
Microsoft Visual Studio Solution File, Format Version 11.00
# Visual Studio 2010
Project("{8BC9CEB8-8B4A-11D0-8D11-00A0C91BC942}") = "s4", "s4\s4.vcxproj", "{A479B4D0-5538-4AE1-B7EE-9C79108C2E3F}"
EndProject
Global
	GlobalSection(SolutionConfigurationPlatforms) = preSolution
		Debug|Win32 = Debug|Win32
		Release|Win32 = Release|Win32
	EndGlobalSection
	GlobalSection(ProjectConfigurationPlatforms) = postSolution
		{A479B4D0-5538-4AE1-B7EE-9C79108C2E3F}.Debug|Win32.ActiveCfg = Debug|Win32
		{A479B4D0-5538-4AE1-B7EE-9C79108C2E3F}.Debug|Win32.Build.0 = Debug|Win32
		{A479B4D0-5538-4AE1-B7EE-9C79108C2E3F}.Release|Win32.ActiveCfg = Release|Win32
		{A479B4D0-5538-4AE1-B7EE-9C79108C2E3F}.Release|Win32.Build.0 = Release|Win32
	EndGlobalSection
	GlobalSection(SolutionProperties) = preSolution
		HideSolutionNode = FALSE
	EndGlobalSection
EndGlobal
